
Microsoft Visual Studio Solution File, Format Version 12.00
# Visual Studio Version 17
VisualStudioVersion = 17.0.32126.317
MinimumVisualStudioVersion = 10.0.40219.1
Project("{FAE04EC0-301F-11D3-BF4B-00C04F79EFBC}") = "Xamarin.RealmApp.UWP", "Xamarin.RealmApp\Xamarin.RealmApp.UWP\Xamarin.RealmApp.UWP.csproj", "{823D93D1-CAF7-4300-BCAA-226FB6CB2F9E}"
EndProject
Project("{FAE04EC0-301F-11D3-BF4B-00C04F79EFBC}") = "Xamarin.RealmApp.Android", "Xamarin.RealmApp\Xamarin.RealmApp.Android\Xamarin.RealmApp.Android.csproj", "{308D5BA9-8DBA-466F-BFA7-5D8DE1C42822}"
EndProject
Project("{FAE04EC0-301F-11D3-BF4B-00C04F79EFBC}") = "Xamarin.RealmApp.iOS", "Xamarin.RealmApp\Xamarin.RealmApp.iOS\Xamarin.RealmApp.iOS.csproj", "{3F9F0395-A58E-463D-945B-85FD3EA3E528}"
EndProject
Project("{FAE04EC0-301F-11D3-BF4B-00C04F79EFBC}") = "Xamarin.RealmApp", "Xamarin.RealmApp\Xamarin.RealmApp\Xamarin.RealmApp.csproj", "{1387CD9D-43D7-4611-83BC-E12B1F5345AD}"
EndProject
Global
	GlobalSection(SolutionConfigurationPlatforms) = preSolution
		Debug|Any CPU = Debug|Any CPU
		Debug|ARM = Debug|ARM
		Debug|iPhone = Debug|iPhone
		Debug|iPhoneSimulator = Debug|iPhoneSimulator
		Debug|x64 = Debug|x64
		Debug|x86 = Debug|x86
		Release|Any CPU = Release|Any CPU
		Release|ARM = Release|ARM
		Release|iPhone = Release|iPhone
		Release|iPhoneSimulator = Release|iPhoneSimulator
		Release|x64 = Release|x64
		Release|x86 = Release|x86
	EndGlobalSection
	GlobalSection(ProjectConfigurationPlatforms) = postSolution
		{823D93D1-CAF7-4300-BCAA-226FB6CB2F9E}.Debug|Any CPU.ActiveCfg = Debug|x64
		{823D93D1-CAF7-4300-BCAA-226FB6CB2F9E}.Debug|Any CPU.Build.0 = Debug|x64
		{823D93D1-CAF7-4300-BCAA-226FB6CB2F9E}.Debug|Any CPU.Deploy.0 = Debug|x64
		{823D93D1-CAF7-4300-BCAA-226FB6CB2F9E}.Debug|ARM.ActiveCfg = Debug|ARM
		{823D93D1-CAF7-4300-BCAA-226FB6CB2F9E}.Debug|ARM.Build.0 = Debug|ARM
		{823D93D1-CAF7-4300-BCAA-226FB6CB2F9E}.Debug|ARM.Deploy.0 = Debug|ARM
		{823D93D1-CAF7-4300-BCAA-226FB6CB2F9E}.Debug|iPhone.ActiveCfg = Debug|x64
		{823D93D1-CAF7-4300-BCAA-226FB6CB2F9E}.Debug|iPhone.Build.0 = Debug|x64
		{823D93D1-CAF7-4300-BCAA-226FB6CB2F9E}.Debug|iPhone.Deploy.0 = Debug|x64
		{823D93D1-CAF7-4300-BCAA-226FB6CB2F9E}.Debug|iPhoneSimulator.ActiveCfg = Debug|x64
		{823D93D1-CAF7-4300-BCAA-226FB6CB2F9E}.Debug|iPhoneSimulator.Build.0 = Debug|x64
		{823D93D1-CAF7-4300-BCAA-226FB6CB2F9E}.Debug|iPhoneSimulator.Deploy.0 = Debug|x64
		{823D93D1-CAF7-4300-BCAA-226FB6CB2F9E}.Debug|x64.ActiveCfg = Debug|x64
		{823D93D1-CAF7-4300-BCAA-226FB6CB2F9E}.Debug|x64.Build.0 = Debug|x64
		{823D93D1-CAF7-4300-BCAA-226FB6CB2F9E}.Debug|x64.Deploy.0 = Debug|x64
		{823D93D1-CAF7-4300-BCAA-226FB6CB2F9E}.Debug|x86.ActiveCfg = Debug|x86
		{823D93D1-CAF7-4300-BCAA-226FB6CB2F9E}.Debug|x86.Build.0 = Debug|x86
		{823D93D1-CAF7-4300-BCAA-226FB6CB2F9E}.Debug|x86.Deploy.0 = Debug|x86
		{823D93D1-CAF7-4300-BCAA-226FB6CB2F9E}.Release|Any CPU.ActiveCfg = Release|x64
		{823D93D1-CAF7-4300-BCAA-226FB6CB2F9E}.Release|Any CPU.Build.0 = Release|x64
		{823D93D1-CAF7-4300-BCAA-226FB6CB2F9E}.Release|Any CPU.Deploy.0 = Release|x64
		{823D93D1-CAF7-4300-BCAA-226FB6CB2F9E}.Release|ARM.ActiveCfg = Release|ARM
		{823D93D1-CAF7-4300-BCAA-226FB6CB2F9E}.Release|ARM.Build.0 = Release|ARM
		{823D93D1-CAF7-4300-BCAA-226FB6CB2F9E}.Release|ARM.Deploy.0 = Release|ARM
		{823D93D1-CAF7-4300-BCAA-226FB6CB2F9E}.Release|iPhone.ActiveCfg = Release|x64
		{823D93D1-CAF7-4300-BCAA-226FB6CB2F9E}.Release|iPhone.Build.0 = Release|x64
		{823D93D1-CAF7-4300-BCAA-226FB6CB2F9E}.Release|iPhone.Deploy.0 = Release|x64
		{823D93D1-CAF7-4300-BCAA-226FB6CB2F9E}.Release|iPhoneSimulator.ActiveCfg = Release|x64
		{823D93D1-CAF7-4300-BCAA-226FB6CB2F9E}.Release|iPhoneSimulator.Build.0 = Release|x64
		{823D93D1-CAF7-4300-BCAA-226FB6CB2F9E}.Release|iPhoneSimulator.Deploy.0 = Release|x64
		{823D93D1-CAF7-4300-BCAA-226FB6CB2F9E}.Release|x64.ActiveCfg = Release|x64
		{823D93D1-CAF7-4300-BCAA-226FB6CB2F9E}.Release|x64.Build.0 = Release|x64
		{823D93D1-CAF7-4300-BCAA-226FB6CB2F9E}.Release|x64.Deploy.0 = Release|x64
		{823D93D1-CAF7-4300-BCAA-226FB6CB2F9E}.Release|x86.ActiveCfg = Release|x86
		{823D93D1-CAF7-4300-BCAA-226FB6CB2F9E}.Release|x86.Build.0 = Release|x86
		{823D93D1-CAF7-4300-BCAA-226FB6CB2F9E}.Release|x86.Deploy.0 = Release|x86
		{308D5BA9-8DBA-466F-BFA7-5D8DE1C42822}.Debug|Any CPU.ActiveCfg = Debug|Any CPU
		{308D5BA9-8DBA-466F-BFA7-5D8DE1C42822}.Debug|Any CPU.Build.0 = Debug|Any CPU
		{308D5BA9-8DBA-466F-BFA7-5D8DE1C42822}.Debug|Any CPU.Deploy.0 = Debug|Any CPU
		{308D5BA9-8DBA-466F-BFA7-5D8DE1C42822}.Debug|ARM.ActiveCfg = Debug|Any CPU
		{308D5BA9-8DBA-466F-BFA7-5D8DE1C42822}.Debug|ARM.Build.0 = Debug|Any CPU
		{308D5BA9-8DBA-466F-BFA7-5D8DE1C42822}.Debug|ARM.Deploy.0 = Debug|Any CPU
		{308D5BA9-8DBA-466F-BFA7-5D8DE1C42822}.Debug|iPhone.ActiveCfg = Debug|Any CPU
		{308D5BA9-8DBA-466F-BFA7-5D8DE1C42822}.Debug|iPhone.Build.0 = Debug|Any CPU
		{308D5BA9-8DBA-466F-BFA7-5D8DE1C42822}.Debug|iPhone.Deploy.0 = Debug|Any CPU
		{308D5BA9-8DBA-466F-BFA7-5D8DE1C42822}.Debug|iPhoneSimulator.ActiveCfg = Debug|Any CPU
		{308D5BA9-8DBA-466F-BFA7-5D8DE1C42822}.Debug|iPhoneSimulator.Build.0 = Debug|Any CPU
		{308D5BA9-8DBA-466F-BFA7-5D8DE1C42822}.Debug|iPhoneSimulator.Deploy.0 = Debug|Any CPU
		{308D5BA9-8DBA-466F-BFA7-5D8DE1C42822}.Debug|x64.ActiveCfg = Debug|Any CPU
		{308D5BA9-8DBA-466F-BFA7-5D8DE1C42822}.Debug|x64.Build.0 = Debug|Any CPU
		{308D5BA9-8DBA-466F-BFA7-5D8DE1C42822}.Debug|x64.Deploy.0 = Debug|Any CPU
		{308D5BA9-8DBA-466F-BFA7-5D8DE1C42822}.Debug|x86.ActiveCfg = Debug|Any CPU
		{308D5BA9-8DBA-466F-BFA7-5D8DE1C42822}.Debug|x86.Build.0 = Debug|Any CPU
		{308D5BA9-8DBA-466F-BFA7-5D8DE1C42822}.Debug|x86.Deploy.0 = Debug|Any CPU
		{308D5BA9-8DBA-466F-BFA7-5D8DE1C42822}.Release|Any CPU.ActiveCfg = Release|Any CPU
		{308D5BA9-8DBA-466F-BFA7-5D8DE1C42822}.Release|Any CPU.Build.0 = Release|Any CPU
		{308D5BA9-8DBA-466F-BFA7-5D8DE1C42822}.Release|Any CPU.Deploy.0 = Release|Any CPU
		{308D5BA9-8DBA-466F-BFA7-5D8DE1C42822}.Release|ARM.ActiveCfg = Release|Any CPU
		{308D5BA9-8DBA-466F-BFA7-5D8DE1C42822}.Release|ARM.Build.0 = Release|Any CPU
		{308D5BA9-8DBA-466F-BFA7-5D8DE1C42822}.Release|ARM.Deploy.0 = Release|Any CPU
		{308D5BA9-8DBA-466F-BFA7-5D8DE1C42822}.Release|iPhone.ActiveCfg = Release|Any CPU
		{308D5BA9-8DBA-466F-BFA7-5D8DE1C42822}.Release|iPhone.Build.0 = Release|Any CPU
		{308D5BA9-8DBA-466F-BFA7-5D8DE1C42822}.Release|iPhone.Deploy.0 = Release|Any CPU
		{308D5BA9-8DBA-466F-BFA7-5D8DE1C42822}.Release|iPhoneSimulator.ActiveCfg = Release|Any CPU
		{308D5BA9-8DBA-466F-BFA7-5D8DE1C42822}.Release|iPhoneSimulator.Build.0 = Release|Any CPU
		{308D5BA9-8DBA-466F-BFA7-5D8DE1C42822}.Release|iPhoneSimulator.Deploy.0 = Release|Any CPU
		{308D5BA9-8DBA-466F-BFA7-5D8DE1C42822}.Release|x64.ActiveCfg = Release|Any CPU
		{308D5BA9-8DBA-466F-BFA7-5D8DE1C42822}.Release|x64.Build.0 = Release|Any CPU
		{308D5BA9-8DBA-466F-BFA7-5D8DE1C42822}.Release|x64.Deploy.0 = Release|Any CPU
		{308D5BA9-8DBA-466F-BFA7-5D8DE1C42822}.Release|x86.ActiveCfg = Release|Any CPU
		{308D5BA9-8DBA-466F-BFA7-5D8DE1C42822}.Release|x86.Build.0 = Release|Any CPU
		{308D5BA9-8DBA-466F-BFA7-5D8DE1C42822}.Release|x86.Deploy.0 = Release|Any CPU
		{3F9F0395-A58E-463D-945B-85FD3EA3E528}.Debug|Any CPU.ActiveCfg = Debug|iPhoneSimulator
		{3F9F0395-A58E-463D-945B-85FD3EA3E528}.Debug|Any CPU.Build.0 = Debug|iPhoneSimulator
		{3F9F0395-A58E-463D-945B-85FD3EA3E528}.Debug|Any CPU.Deploy.0 = Debug|iPhoneSimulator
		{3F9F0395-A58E-463D-945B-85FD3EA3E528}.Debug|ARM.ActiveCfg = Debug|iPhoneSimulator
		{3F9F0395-A58E-463D-945B-85FD3EA3E528}.Debug|ARM.Build.0 = Debug|iPhoneSimulator
		{3F9F0395-A58E-463D-945B-85FD3EA3E528}.Debug|ARM.Deploy.0 = Debug|iPhoneSimulator
		{3F9F0395-A58E-463D-945B-85FD3EA3E528}.Debug|iPhone.ActiveCfg = Debug|iPhone
		{3F9F0395-A58E-463D-945B-85FD3EA3E528}.Debug|iPhone.Build.0 = Debug|iPhone
		{3F9F0395-A58E-463D-945B-85FD3EA3E528}.Debug|iPhone.Deploy.0 = Debug|iPhone
		{3F9F0395-A58E-463D-945B-85FD3EA3E528}.Debug|iPhoneSimulator.ActiveCfg = Debug|iPhoneSimulator
		{3F9F0395-A58E-463D-945B-85FD3EA3E528}.Debug|iPhoneSimulator.Build.0 = Debug|iPhoneSimulator
		{3F9F0395-A58E-463D-945B-85FD3EA3E528}.Debug|iPhoneSimulator.Deploy.0 = Debug|iPhoneSimulator
		{3F9F0395-A58E-463D-945B-85FD3EA3E528}.Debug|x64.ActiveCfg = Debug|iPhone
		{3F9F0395-A58E-463D-945B-85FD3EA3E528}.Debug|x64.Build.0 = Debug|iPhone
		{3F9F0395-A58E-463D-945B-85FD3EA3E528}.Debug|x64.Deploy.0 = Debug|iPhone
		{3F9F0395-A58E-463D-945B-85FD3EA3E528}.Debug|x86.ActiveCfg = Debug|iPhoneSimulator
		{3F9F0395-A58E-463D-945B-85FD3EA3E528}.Debug|x86.Build.0 = Debug|iPhoneSimulator
		{3F9F0395-A58E-463D-945B-85FD3EA3E528}.Debug|x86.Deploy.0 = Debug|iPhoneSimulator
		{3F9F0395-A58E-463D-945B-85FD3EA3E528}.Release|Any CPU.ActiveCfg = Release|iPhoneSimulator
		{3F9F0395-A58E-463D-945B-85FD3EA3E528}.Release|Any CPU.Build.0 = Release|iPhoneSimulator
		{3F9F0395-A58E-463D-945B-85FD3EA3E528}.Release|Any CPU.Deploy.0 = Release|iPhoneSimulator
		{3F9F0395-A58E-463D-945B-85FD3EA3E528}.Release|ARM.ActiveCfg = Release|iPhoneSimulator
		{3F9F0395-A58E-463D-945B-85FD3EA3E528}.Release|ARM.Build.0 = Release|iPhoneSimulator
		{3F9F0395-A58E-463D-945B-85FD3EA3E528}.Release|ARM.Deploy.0 = Release|iPhoneSimulator
		{3F9F0395-A58E-463D-945B-85FD3EA3E528}.Release|iPhone.ActiveCfg = Release|iPhone
		{3F9F0395-A58E-463D-945B-85FD3EA3E528}.Release|iPhone.Build.0 = Release|iPhone
		{3F9F0395-A58E-463D-945B-85FD3EA3E528}.Release|iPhone.Deploy.0 = Release|iPhone
		{3F9F0395-A58E-463D-945B-85FD3EA3E528}.Release|iPhoneSimulator.ActiveCfg = Release|iPhoneSimulator
		{3F9F0395-A58E-463D-945B-85FD3EA3E528}.Release|iPhoneSimulator.Build.0 = Release|iPhoneSimulator
		{3F9F0395-A58E-463D-945B-85FD3EA3E528}.Release|iPhoneSimulator.Deploy.0 = Release|iPhoneSimulator
		{3F9F0395-A58E-463D-945B-85FD3EA3E528}.Release|x64.ActiveCfg = Release|iPhoneSimulator
		{3F9F0395-A58E-463D-945B-85FD3EA3E528}.Release|x64.Build.0 = Release|iPhoneSimulator
		{3F9F0395-A58E-463D-945B-85FD3EA3E528}.Release|x64.Deploy.0 = Release|iPhoneSimulator
		{3F9F0395-A58E-463D-945B-85FD3EA3E528}.Release|x86.ActiveCfg = Release|iPhoneSimulator
		{3F9F0395-A58E-463D-945B-85FD3EA3E528}.Release|x86.Build.0 = Release|iPhoneSimulator
		{3F9F0395-A58E-463D-945B-85FD3EA3E528}.Release|x86.Deploy.0 = Release|iPhoneSimulator
		{1387CD9D-43D7-4611-83BC-E12B1F5345AD}.Debug|Any CPU.ActiveCfg = Debug|Any CPU
		{1387CD9D-43D7-4611-83BC-E12B1F5345AD}.Debug|Any CPU.Build.0 = Debug|Any CPU
		{1387CD9D-43D7-4611-83BC-E12B1F5345AD}.Debug|Any CPU.Deploy.0 = Debug|Any CPU
		{1387CD9D-43D7-4611-83BC-E12B1F5345AD}.Debug|ARM.ActiveCfg = Debug|Any CPU
		{1387CD9D-43D7-4611-83BC-E12B1F5345AD}.Debug|ARM.Build.0 = Debug|Any CPU
		{1387CD9D-43D7-4611-83BC-E12B1F5345AD}.Debug|ARM.Deploy.0 = Debug|Any CPU
		{1387CD9D-43D7-4611-83BC-E12B1F5345AD}.Debug|iPhone.ActiveCfg = Debug|Any CPU
		{1387CD9D-43D7-4611-83BC-E12B1F5345AD}.Debug|iPhone.Build.0 = Debug|Any CPU
		{1387CD9D-43D7-4611-83BC-E12B1F5345AD}.Debug|iPhone.Deploy.0 = Debug|Any CPU
		{1387CD9D-43D7-4611-83BC-E12B1F5345AD}.Debug|iPhoneSimulator.ActiveCfg = Debug|Any CPU
		{1387CD9D-43D7-4611-83BC-E12B1F5345AD}.Debug|iPhoneSimulator.Build.0 = Debug|Any CPU
		{1387CD9D-43D7-4611-83BC-E12B1F5345AD}.Debug|iPhoneSimulator.Deploy.0 = Debug|Any CPU
		{1387CD9D-43D7-4611-83BC-E12B1F5345AD}.Debug|x64.ActiveCfg = Debug|Any CPU
		{1387CD9D-43D7-4611-83BC-E12B1F5345AD}.Debug|x64.Build.0 = Debug|Any CPU
		{1387CD9D-43D7-4611-83BC-E12B1F5345AD}.Debug|x64.Deploy.0 = Debug|Any CPU
		{1387CD9D-43D7-4611-83BC-E12B1F5345AD}.Debug|x86.ActiveCfg = Debug|Any CPU
		{1387CD9D-43D7-4611-83BC-E12B1F5345AD}.Debug|x86.Build.0 = Debug|Any CPU
		{1387CD9D-43D7-4611-83BC-E12B1F5345AD}.Debug|x86.Deploy.0 = Debug|Any CPU
		{1387CD9D-43D7-4611-83BC-E12B1F5345AD}.Release|Any CPU.ActiveCfg = Release|Any CPU
		{1387CD9D-43D7-4611-83BC-E12B1F5345AD}.Release|Any CPU.Build.0 = Release|Any CPU
		{1387CD9D-43D7-4611-83BC-E12B1F5345AD}.Release|Any CPU.Deploy.0 = Release|Any CPU
		{1387CD9D-43D7-4611-83BC-E12B1F5345AD}.Release|ARM.ActiveCfg = Release|Any CPU
		{1387CD9D-43D7-4611-83BC-E12B1F5345AD}.Release|ARM.Build.0 = Release|Any CPU
		{1387CD9D-43D7-4611-83BC-E12B1F5345AD}.Release|ARM.Deploy.0 = Release|Any CPU
		{1387CD9D-43D7-4611-83BC-E12B1F5345AD}.Release|iPhone.ActiveCfg = Release|Any CPU
		{1387CD9D-43D7-4611-83BC-E12B1F5345AD}.Release|iPhone.Build.0 = Release|Any CPU
		{1387CD9D-43D7-4611-83BC-E12B1F5345AD}.Release|iPhone.Deploy.0 = Release|Any CPU
		{1387CD9D-43D7-4611-83BC-E12B1F5345AD}.Release|iPhoneSimulator.ActiveCfg = Release|Any CPU
		{1387CD9D-43D7-4611-83BC-E12B1F5345AD}.Release|iPhoneSimulator.Build.0 = Release|Any CPU
		{1387CD9D-43D7-4611-83BC-E12B1F5345AD}.Release|iPhoneSimulator.Deploy.0 = Release|Any CPU
		{1387CD9D-43D7-4611-83BC-E12B1F5345AD}.Release|x64.ActiveCfg = Release|Any CPU
		{1387CD9D-43D7-4611-83BC-E12B1F5345AD}.Release|x64.Build.0 = Release|Any CPU
		{1387CD9D-43D7-4611-83BC-E12B1F5345AD}.Release|x64.Deploy.0 = Release|Any CPU
		{1387CD9D-43D7-4611-83BC-E12B1F5345AD}.Release|x86.ActiveCfg = Release|Any CPU
		{1387CD9D-43D7-4611-83BC-E12B1F5345AD}.Release|x86.Build.0 = Release|Any CPU
		{1387CD9D-43D7-4611-83BC-E12B1F5345AD}.Release|x86.Deploy.0 = Release|Any CPU
	EndGlobalSection
	GlobalSection(SolutionProperties) = preSolution
		HideSolutionNode = FALSE
	EndGlobalSection
	GlobalSection(ExtensibilityGlobals) = postSolution
		SolutionGuid = {EB65BCB6-4B48-4D3F-8C57-A471EA1E8C55}
	EndGlobalSection
EndGlobal
