
Microsoft Visual Studio Solution File, Format Version 12.00
# Visual Studio Version 17
VisualStudioVersion = 17.0.32126.317
MinimumVisualStudioVersion = 10.0.40219.1
Project("{FAE04EC0-301F-11D3-BF4B-00C04F79EFBC}") = "Xamarin.RealmApp.UWP", "Xamarin.RealmApp\Xamarin.RealmApp.UWP\Xamarin.RealmApp.UWP.csproj", "{8E8B33B8-EA7B-439F-8426-04B0EBC95480}"
EndProject
Project("{FAE04EC0-301F-11D3-BF4B-00C04F79EFBC}") = "Xamarin.RealmApp.Android", "Xamarin.RealmApp\Xamarin.RealmApp.Android\Xamarin.RealmApp.Android.csproj", "{620AC9B1-00AC-4DF8-9227-14F3321F229A}"
EndProject
Project("{FAE04EC0-301F-11D3-BF4B-00C04F79EFBC}") = "Xamarin.RealmApp.iOS", "Xamarin.RealmApp\Xamarin.RealmApp.iOS\Xamarin.RealmApp.iOS.csproj", "{649BEF9D-23AD-4B2C-8468-BE4931CBC1D2}"
EndProject
Project("{FAE04EC0-301F-11D3-BF4B-00C04F79EFBC}") = "Xamarin.RealmApp", "Xamarin.RealmApp\Xamarin.RealmApp\Xamarin.RealmApp.csproj", "{AFAB4844-F706-4DF5-B1DB-8671B062BFF6}"
EndProject
Global
	GlobalSection(SolutionConfigurationPlatforms) = preSolution
		Debug|Any CPU = Debug|Any CPU
		Debug|ARM = Debug|ARM
		Debug|iPhone = Debug|iPhone
		Debug|iPhoneSimulator = Debug|iPhoneSimulator
		Debug|x64 = Debug|x64
		Debug|x86 = Debug|x86
		Release|Any CPU = Release|Any CPU
		Release|ARM = Release|ARM
		Release|iPhone = Release|iPhone
		Release|iPhoneSimulator = Release|iPhoneSimulator
		Release|x64 = Release|x64
		Release|x86 = Release|x86
	EndGlobalSection
	GlobalSection(ProjectConfigurationPlatforms) = postSolution
		{8E8B33B8-EA7B-439F-8426-04B0EBC95480}.Debug|Any CPU.ActiveCfg = Debug|x64
		{8E8B33B8-EA7B-439F-8426-04B0EBC95480}.Debug|Any CPU.Build.0 = Debug|x64
		{8E8B33B8-EA7B-439F-8426-04B0EBC95480}.Debug|Any CPU.Deploy.0 = Debug|x64
		{8E8B33B8-EA7B-439F-8426-04B0EBC95480}.Debug|ARM.ActiveCfg = Debug|ARM
		{8E8B33B8-EA7B-439F-8426-04B0EBC95480}.Debug|ARM.Build.0 = Debug|ARM
		{8E8B33B8-EA7B-439F-8426-04B0EBC95480}.Debug|ARM.Deploy.0 = Debug|ARM
		{8E8B33B8-EA7B-439F-8426-04B0EBC95480}.Debug|iPhone.ActiveCfg = Debug|x64
		{8E8B33B8-EA7B-439F-8426-04B0EBC95480}.Debug|iPhone.Build.0 = Debug|x64
		{8E8B33B8-EA7B-439F-8426-04B0EBC95480}.Debug|iPhone.Deploy.0 = Debug|x64
		{8E8B33B8-EA7B-439F-8426-04B0EBC95480}.Debug|iPhoneSimulator.ActiveCfg = Debug|x64
		{8E8B33B8-EA7B-439F-8426-04B0EBC95480}.Debug|iPhoneSimulator.Build.0 = Debug|x64
		{8E8B33B8-EA7B-439F-8426-04B0EBC95480}.Debug|iPhoneSimulator.Deploy.0 = Debug|x64
		{8E8B33B8-EA7B-439F-8426-04B0EBC95480}.Debug|x64.ActiveCfg = Debug|x64
		{8E8B33B8-EA7B-439F-8426-04B0EBC95480}.Debug|x64.Build.0 = Debug|x64
		{8E8B33B8-EA7B-439F-8426-04B0EBC95480}.Debug|x64.Deploy.0 = Debug|x64
		{8E8B33B8-EA7B-439F-8426-04B0EBC95480}.Debug|x86.ActiveCfg = Debug|x86
		{8E8B33B8-EA7B-439F-8426-04B0EBC95480}.Debug|x86.Build.0 = Debug|x86
		{8E8B33B8-EA7B-439F-8426-04B0EBC95480}.Debug|x86.Deploy.0 = Debug|x86
		{8E8B33B8-EA7B-439F-8426-04B0EBC95480}.Release|Any CPU.ActiveCfg = Release|x64
		{8E8B33B8-EA7B-439F-8426-04B0EBC95480}.Release|Any CPU.Build.0 = Release|x64
		{8E8B33B8-EA7B-439F-8426-04B0EBC95480}.Release|Any CPU.Deploy.0 = Release|x64
		{8E8B33B8-EA7B-439F-8426-04B0EBC95480}.Release|ARM.ActiveCfg = Release|ARM
		{8E8B33B8-EA7B-439F-8426-04B0EBC95480}.Release|ARM.Build.0 = Release|ARM
		{8E8B33B8-EA7B-439F-8426-04B0EBC95480}.Release|ARM.Deploy.0 = Release|ARM
		{8E8B33B8-EA7B-439F-8426-04B0EBC95480}.Release|iPhone.ActiveCfg = Release|x64
		{8E8B33B8-EA7B-439F-8426-04B0EBC95480}.Release|iPhone.Build.0 = Release|x64
		{8E8B33B8-EA7B-439F-8426-04B0EBC95480}.Release|iPhone.Deploy.0 = Release|x64
		{8E8B33B8-EA7B-439F-8426-04B0EBC95480}.Release|iPhoneSimulator.ActiveCfg = Release|x64
		{8E8B33B8-EA7B-439F-8426-04B0EBC95480}.Release|iPhoneSimulator.Build.0 = Release|x64
		{8E8B33B8-EA7B-439F-8426-04B0EBC95480}.Release|iPhoneSimulator.Deploy.0 = Release|x64
		{8E8B33B8-EA7B-439F-8426-04B0EBC95480}.Release|x64.ActiveCfg = Release|x64
		{8E8B33B8-EA7B-439F-8426-04B0EBC95480}.Release|x64.Build.0 = Release|x64
		{8E8B33B8-EA7B-439F-8426-04B0EBC95480}.Release|x64.Deploy.0 = Release|x64
		{8E8B33B8-EA7B-439F-8426-04B0EBC95480}.Release|x86.ActiveCfg = Release|x86
		{8E8B33B8-EA7B-439F-8426-04B0EBC95480}.Release|x86.Build.0 = Release|x86
		{8E8B33B8-EA7B-439F-8426-04B0EBC95480}.Release|x86.Deploy.0 = Release|x86
		{620AC9B1-00AC-4DF8-9227-14F3321F229A}.Debug|Any CPU.ActiveCfg = Debug|Any CPU
		{620AC9B1-00AC-4DF8-9227-14F3321F229A}.Debug|Any CPU.Build.0 = Debug|Any CPU
		{620AC9B1-00AC-4DF8-9227-14F3321F229A}.Debug|Any CPU.Deploy.0 = Debug|Any CPU
		{620AC9B1-00AC-4DF8-9227-14F3321F229A}.Debug|ARM.ActiveCfg = Debug|Any CPU
		{620AC9B1-00AC-4DF8-9227-14F3321F229A}.Debug|ARM.Build.0 = Debug|Any CPU
		{620AC9B1-00AC-4DF8-9227-14F3321F229A}.Debug|ARM.Deploy.0 = Debug|Any CPU
		{620AC9B1-00AC-4DF8-9227-14F3321F229A}.Debug|iPhone.ActiveCfg = Debug|Any CPU
		{620AC9B1-00AC-4DF8-9227-14F3321F229A}.Debug|iPhone.Build.0 = Debug|Any CPU
		{620AC9B1-00AC-4DF8-9227-14F3321F229A}.Debug|iPhone.Deploy.0 = Debug|Any CPU
		{620AC9B1-00AC-4DF8-9227-14F3321F229A}.Debug|iPhoneSimulator.ActiveCfg = Debug|Any CPU
		{620AC9B1-00AC-4DF8-9227-14F3321F229A}.Debug|iPhoneSimulator.Build.0 = Debug|Any CPU
		{620AC9B1-00AC-4DF8-9227-14F3321F229A}.Debug|iPhoneSimulator.Deploy.0 = Debug|Any CPU
		{620AC9B1-00AC-4DF8-9227-14F3321F229A}.Debug|x64.ActiveCfg = Debug|Any CPU
		{620AC9B1-00AC-4DF8-9227-14F3321F229A}.Debug|x64.Build.0 = Debug|Any CPU
		{620AC9B1-00AC-4DF8-9227-14F3321F229A}.Debug|x64.Deploy.0 = Debug|Any CPU
		{620AC9B1-00AC-4DF8-9227-14F3321F229A}.Debug|x86.ActiveCfg = Debug|Any CPU
		{620AC9B1-00AC-4DF8-9227-14F3321F229A}.Debug|x86.Build.0 = Debug|Any CPU
		{620AC9B1-00AC-4DF8-9227-14F3321F229A}.Debug|x86.Deploy.0 = Debug|Any CPU
		{620AC9B1-00AC-4DF8-9227-14F3321F229A}.Release|Any CPU.ActiveCfg = Release|Any CPU
		{620AC9B1-00AC-4DF8-9227-14F3321F229A}.Release|Any CPU.Build.0 = Release|Any CPU
		{620AC9B1-00AC-4DF8-9227-14F3321F229A}.Release|Any CPU.Deploy.0 = Release|Any CPU
		{620AC9B1-00AC-4DF8-9227-14F3321F229A}.Release|ARM.ActiveCfg = Release|Any CPU
		{620AC9B1-00AC-4DF8-9227-14F3321F229A}.Release|ARM.Build.0 = Release|Any CPU
		{620AC9B1-00AC-4DF8-9227-14F3321F229A}.Release|ARM.Deploy.0 = Release|Any CPU
		{620AC9B1-00AC-4DF8-9227-14F3321F229A}.Release|iPhone.ActiveCfg = Release|Any CPU
		{620AC9B1-00AC-4DF8-9227-14F3321F229A}.Release|iPhone.Build.0 = Release|Any CPU
		{620AC9B1-00AC-4DF8-9227-14F3321F229A}.Release|iPhone.Deploy.0 = Release|Any CPU
		{620AC9B1-00AC-4DF8-9227-14F3321F229A}.Release|iPhoneSimulator.ActiveCfg = Release|Any CPU
		{620AC9B1-00AC-4DF8-9227-14F3321F229A}.Release|iPhoneSimulator.Build.0 = Release|Any CPU
		{620AC9B1-00AC-4DF8-9227-14F3321F229A}.Release|iPhoneSimulator.Deploy.0 = Release|Any CPU
		{620AC9B1-00AC-4DF8-9227-14F3321F229A}.Release|x64.ActiveCfg = Release|Any CPU
		{620AC9B1-00AC-4DF8-9227-14F3321F229A}.Release|x64.Build.0 = Release|Any CPU
		{620AC9B1-00AC-4DF8-9227-14F3321F229A}.Release|x64.Deploy.0 = Release|Any CPU
		{620AC9B1-00AC-4DF8-9227-14F3321F229A}.Release|x86.ActiveCfg = Release|Any CPU
		{620AC9B1-00AC-4DF8-9227-14F3321F229A}.Release|x86.Build.0 = Release|Any CPU
		{620AC9B1-00AC-4DF8-9227-14F3321F229A}.Release|x86.Deploy.0 = Release|Any CPU
		{649BEF9D-23AD-4B2C-8468-BE4931CBC1D2}.Debug|Any CPU.ActiveCfg = Debug|iPhoneSimulator
		{649BEF9D-23AD-4B2C-8468-BE4931CBC1D2}.Debug|Any CPU.Build.0 = Debug|iPhoneSimulator
		{649BEF9D-23AD-4B2C-8468-BE4931CBC1D2}.Debug|Any CPU.Deploy.0 = Debug|iPhoneSimulator
		{649BEF9D-23AD-4B2C-8468-BE4931CBC1D2}.Debug|ARM.ActiveCfg = Debug|iPhoneSimulator
		{649BEF9D-23AD-4B2C-8468-BE4931CBC1D2}.Debug|ARM.Build.0 = Debug|iPhoneSimulator
		{649BEF9D-23AD-4B2C-8468-BE4931CBC1D2}.Debug|ARM.Deploy.0 = Debug|iPhoneSimulator
		{649BEF9D-23AD-4B2C-8468-BE4931CBC1D2}.Debug|iPhone.ActiveCfg = Debug|iPhone
		{649BEF9D-23AD-4B2C-8468-BE4931CBC1D2}.Debug|iPhone.Build.0 = Debug|iPhone
		{649BEF9D-23AD-4B2C-8468-BE4931CBC1D2}.Debug|iPhone.Deploy.0 = Debug|iPhone
		{649BEF9D-23AD-4B2C-8468-BE4931CBC1D2}.Debug|iPhoneSimulator.ActiveCfg = Debug|iPhoneSimulator
		{649BEF9D-23AD-4B2C-8468-BE4931CBC1D2}.Debug|iPhoneSimulator.Build.0 = Debug|iPhoneSimulator
		{649BEF9D-23AD-4B2C-8468-BE4931CBC1D2}.Debug|iPhoneSimulator.Deploy.0 = Debug|iPhoneSimulator
		{649BEF9D-23AD-4B2C-8468-BE4931CBC1D2}.Debug|x64.ActiveCfg = Debug|iPhone
		{649BEF9D-23AD-4B2C-8468-BE4931CBC1D2}.Debug|x64.Build.0 = Debug|iPhone
		{649BEF9D-23AD-4B2C-8468-BE4931CBC1D2}.Debug|x64.Deploy.0 = Debug|iPhone
		{649BEF9D-23AD-4B2C-8468-BE4931CBC1D2}.Debug|x86.ActiveCfg = Debug|iPhoneSimulator
		{649BEF9D-23AD-4B2C-8468-BE4931CBC1D2}.Debug|x86.Build.0 = Debug|iPhoneSimulator
		{649BEF9D-23AD-4B2C-8468-BE4931CBC1D2}.Debug|x86.Deploy.0 = Debug|iPhoneSimulator
		{649BEF9D-23AD-4B2C-8468-BE4931CBC1D2}.Release|Any CPU.ActiveCfg = Release|iPhoneSimulator
		{649BEF9D-23AD-4B2C-8468-BE4931CBC1D2}.Release|Any CPU.Build.0 = Release|iPhoneSimulator
		{649BEF9D-23AD-4B2C-8468-BE4931CBC1D2}.Release|Any CPU.Deploy.0 = Release|iPhoneSimulator
		{649BEF9D-23AD-4B2C-8468-BE4931CBC1D2}.Release|ARM.ActiveCfg = Release|iPhoneSimulator
		{649BEF9D-23AD-4B2C-8468-BE4931CBC1D2}.Release|ARM.Build.0 = Release|iPhoneSimulator
		{649BEF9D-23AD-4B2C-8468-BE4931CBC1D2}.Release|ARM.Deploy.0 = Release|iPhoneSimulator
		{649BEF9D-23AD-4B2C-8468-BE4931CBC1D2}.Release|iPhone.ActiveCfg = Release|iPhone
		{649BEF9D-23AD-4B2C-8468-BE4931CBC1D2}.Release|iPhone.Build.0 = Release|iPhone
		{649BEF9D-23AD-4B2C-8468-BE4931CBC1D2}.Release|iPhone.Deploy.0 = Release|iPhone
		{649BEF9D-23AD-4B2C-8468-BE4931CBC1D2}.Release|iPhoneSimulator.ActiveCfg = Release|iPhoneSimulator
		{649BEF9D-23AD-4B2C-8468-BE4931CBC1D2}.Release|iPhoneSimulator.Build.0 = Release|iPhoneSimulator
		{649BEF9D-23AD-4B2C-8468-BE4931CBC1D2}.Release|iPhoneSimulator.Deploy.0 = Release|iPhoneSimulator
		{649BEF9D-23AD-4B2C-8468-BE4931CBC1D2}.Release|x64.ActiveCfg = Release|iPhoneSimulator
		{649BEF9D-23AD-4B2C-8468-BE4931CBC1D2}.Release|x64.Build.0 = Release|iPhoneSimulator
		{649BEF9D-23AD-4B2C-8468-BE4931CBC1D2}.Release|x64.Deploy.0 = Release|iPhoneSimulator
		{649BEF9D-23AD-4B2C-8468-BE4931CBC1D2}.Release|x86.ActiveCfg = Release|iPhoneSimulator
		{649BEF9D-23AD-4B2C-8468-BE4931CBC1D2}.Release|x86.Build.0 = Release|iPhoneSimulator
		{649BEF9D-23AD-4B2C-8468-BE4931CBC1D2}.Release|x86.Deploy.0 = Release|iPhoneSimulator
		{AFAB4844-F706-4DF5-B1DB-8671B062BFF6}.Debug|Any CPU.ActiveCfg = Debug|Any CPU
		{AFAB4844-F706-4DF5-B1DB-8671B062BFF6}.Debug|Any CPU.Build.0 = Debug|Any CPU
		{AFAB4844-F706-4DF5-B1DB-8671B062BFF6}.Debug|Any CPU.Deploy.0 = Debug|Any CPU
		{AFAB4844-F706-4DF5-B1DB-8671B062BFF6}.Debug|ARM.ActiveCfg = Debug|Any CPU
		{AFAB4844-F706-4DF5-B1DB-8671B062BFF6}.Debug|ARM.Build.0 = Debug|Any CPU
		{AFAB4844-F706-4DF5-B1DB-8671B062BFF6}.Debug|ARM.Deploy.0 = Debug|Any CPU
		{AFAB4844-F706-4DF5-B1DB-8671B062BFF6}.Debug|iPhone.ActiveCfg = Debug|Any CPU
		{AFAB4844-F706-4DF5-B1DB-8671B062BFF6}.Debug|iPhone.Build.0 = Debug|Any CPU
		{AFAB4844-F706-4DF5-B1DB-8671B062BFF6}.Debug|iPhone.Deploy.0 = Debug|Any CPU
		{AFAB4844-F706-4DF5-B1DB-8671B062BFF6}.Debug|iPhoneSimulator.ActiveCfg = Debug|Any CPU
		{AFAB4844-F706-4DF5-B1DB-8671B062BFF6}.Debug|iPhoneSimulator.Build.0 = Debug|Any CPU
		{AFAB4844-F706-4DF5-B1DB-8671B062BFF6}.Debug|iPhoneSimulator.Deploy.0 = Debug|Any CPU
		{AFAB4844-F706-4DF5-B1DB-8671B062BFF6}.Debug|x64.ActiveCfg = Debug|Any CPU
		{AFAB4844-F706-4DF5-B1DB-8671B062BFF6}.Debug|x64.Build.0 = Debug|Any CPU
		{AFAB4844-F706-4DF5-B1DB-8671B062BFF6}.Debug|x64.Deploy.0 = Debug|Any CPU
		{AFAB4844-F706-4DF5-B1DB-8671B062BFF6}.Debug|x86.ActiveCfg = Debug|Any CPU
		{AFAB4844-F706-4DF5-B1DB-8671B062BFF6}.Debug|x86.Build.0 = Debug|Any CPU
		{AFAB4844-F706-4DF5-B1DB-8671B062BFF6}.Debug|x86.Deploy.0 = Debug|Any CPU
		{AFAB4844-F706-4DF5-B1DB-8671B062BFF6}.Release|Any CPU.ActiveCfg = Release|Any CPU
		{AFAB4844-F706-4DF5-B1DB-8671B062BFF6}.Release|Any CPU.Build.0 = Release|Any CPU
		{AFAB4844-F706-4DF5-B1DB-8671B062BFF6}.Release|Any CPU.Deploy.0 = Release|Any CPU
		{AFAB4844-F706-4DF5-B1DB-8671B062BFF6}.Release|ARM.ActiveCfg = Release|Any CPU
		{AFAB4844-F706-4DF5-B1DB-8671B062BFF6}.Release|ARM.Build.0 = Release|Any CPU
		{AFAB4844-F706-4DF5-B1DB-8671B062BFF6}.Release|ARM.Deploy.0 = Release|Any CPU
		{AFAB4844-F706-4DF5-B1DB-8671B062BFF6}.Release|iPhone.ActiveCfg = Release|Any CPU
		{AFAB4844-F706-4DF5-B1DB-8671B062BFF6}.Release|iPhone.Build.0 = Release|Any CPU
		{AFAB4844-F706-4DF5-B1DB-8671B062BFF6}.Release|iPhone.Deploy.0 = Release|Any CPU
		{AFAB4844-F706-4DF5-B1DB-8671B062BFF6}.Release|iPhoneSimulator.ActiveCfg = Release|Any CPU
		{AFAB4844-F706-4DF5-B1DB-8671B062BFF6}.Release|iPhoneSimulator.Build.0 = Release|Any CPU
		{AFAB4844-F706-4DF5-B1DB-8671B062BFF6}.Release|iPhoneSimulator.Deploy.0 = Release|Any CPU
		{AFAB4844-F706-4DF5-B1DB-8671B062BFF6}.Release|x64.ActiveCfg = Release|Any CPU
		{AFAB4844-F706-4DF5-B1DB-8671B062BFF6}.Release|x64.Build.0 = Release|Any CPU
		{AFAB4844-F706-4DF5-B1DB-8671B062BFF6}.Release|x64.Deploy.0 = Release|Any CPU
		{AFAB4844-F706-4DF5-B1DB-8671B062BFF6}.Release|x86.ActiveCfg = Release|Any CPU
		{AFAB4844-F706-4DF5-B1DB-8671B062BFF6}.Release|x86.Build.0 = Release|Any CPU
		{AFAB4844-F706-4DF5-B1DB-8671B062BFF6}.Release|x86.Deploy.0 = Release|Any CPU
	EndGlobalSection
	GlobalSection(SolutionProperties) = preSolution
		HideSolutionNode = FALSE
	EndGlobalSection
	GlobalSection(ExtensibilityGlobals) = postSolution
		SolutionGuid = {8B1B0728-30EE-4A51-85A3-360F071189CA}
	EndGlobalSection
EndGlobal
